
Microsoft Visual Studio Solution File, Format Version 12.00
# Visual Studio Version 17
VisualStudioVersion = 17.3.32825.248
MinimumVisualStudioVersion = 10.0.40219.1
Project("{9A19103F-16F7-4668-BE54-9A1E7A4F7556}") = "Forms", "Forms\Forms.csproj", "{3BD237F4-32D9-4478-9674-DE0431827E9C}"
EndProject
Project("{FAE04EC0-301F-11D3-BF4B-00C04F79EFBC}") = "AppLibrary", "MovieAppCSC660\AppLibrary.csproj", "{02E0098F-6066-44F2-BCFB-27AA2B3E19BF}"
EndProject
Global
	GlobalSection(SolutionConfigurationPlatforms) = preSolution
		Debug|Any CPU = Debug|Any CPU
		Release|Any CPU = Release|Any CPU
	EndGlobalSection
	GlobalSection(ProjectConfigurationPlatforms) = postSolution
		{3BD237F4-32D9-4478-9674-DE0431827E9C}.Debug|Any CPU.ActiveCfg = Debug|Any CPU
		{3BD237F4-32D9-4478-9674-DE0431827E9C}.Debug|Any CPU.Build.0 = Debug|Any CPU
		{3BD237F4-32D9-4478-9674-DE0431827E9C}.Release|Any CPU.ActiveCfg = Release|Any CPU
		{3BD237F4-32D9-4478-9674-DE0431827E9C}.Release|Any CPU.Build.0 = Release|Any CPU
		{02E0098F-6066-44F2-BCFB-27AA2B3E19BF}.Debug|Any CPU.ActiveCfg = Debug|Any CPU
		{02E0098F-6066-44F2-BCFB-27AA2B3E19BF}.Debug|Any CPU.Build.0 = Debug|Any CPU
		{02E0098F-6066-44F2-BCFB-27AA2B3E19BF}.Release|Any CPU.ActiveCfg = Release|Any CPU
		{02E0098F-6066-44F2-BCFB-27AA2B3E19BF}.Release|Any CPU.Build.0 = Release|Any CPU
	EndGlobalSection
	GlobalSection(SolutionProperties) = preSolution
		HideSolutionNode = FALSE
	EndGlobalSection
	GlobalSection(ExtensibilityGlobals) = postSolution
		SolutionGuid = {58C817E3-9F9E-43CF-8951-5FB4632663E5}
	EndGlobalSection
EndGlobal
